
Microsoft Visual Studio Solution File, Format Version 12.00
# Visual Studio Version 17
VisualStudioVersion = 17.6.33829.357
MinimumVisualStudioVersion = 10.0.40219.1
Project("{2150E333-8FDC-42A3-9474-1A3956D46DE8}") = "Task0", "Task0", "{18CE983F-E47B-4CD7-A51B-AC2020075F74}"
EndProject
Project("{FAE04EC0-301F-11D3-BF4B-00C04F79EFBC}") = "Tyuiu.SmirnovIA.Sprint0.Task0.V0", "Tyuiu.SmirnovIA.Sprint0.Task0.V0\Tyuiu.SmirnovIA.Sprint0.Task0.V0.csproj", "{2303A2BA-5D55-4D74-9370-F06D7ED657BF}"
EndProject
Project("{2150E333-8FDC-42A3-9474-1A3956D46DE8}") = "Task1", "Task1", "{04A28184-175D-4821-BEEE-B8BB73095233}"
EndProject
Project("{FAE04EC0-301F-11D3-BF4B-00C04F79EFBC}") = "Tyuiu.SmirnovIA.Sprint0.Task1.V0", "Tyuiu.SmirnovIA.Sprint0.Task1.V0\Tyuiu.SmirnovIA.Sprint0.Task1.V0.csproj", "{9388C062-F641-40B6-B4BA-F867D395FC51}"
EndProject
Project("{2150E333-8FDC-42A3-9474-1A3956D46DE8}") = "Task2", "Task2", "{875E5C3A-0415-4126-8DCF-23B50BDBABCC}"
EndProject
Project("{FAE04EC0-301F-11D3-BF4B-00C04F79EFBC}") = "Tyuiu.SmirnovIA.Sprint0.Task2.V0", "Tyuiu.SmirnovIA.Sprint0.Task2.V0\Tyuiu.SmirnovIA.Sprint0.Task2.V0.csproj", "{8714F72C-C1FC-4E69-A7AE-89E57C71490D}"
EndProject
Project("{FAE04EC0-301F-11D3-BF4B-00C04F79EFBC}") = "Tyuiu.SmirnovIA.Sprint0.Task2.V0.Lib", "Tyuiu.SmirnovIA.Sprint0.Task2.V0.Lib\Tyuiu.SmirnovIA.Sprint0.Task2.V0.Lib.csproj", "{31B2CD34-838B-43F7-9952-AEEFE79054BA}"
EndProject
Project("{FAE04EC0-301F-11D3-BF4B-00C04F79EFBC}") = "Tyuiu.SmirnovIA.Sprint0.Task2.V0.Test", "Tyuiu.SmirnovIA.Sprint0.Task2.V0.Test\Tyuiu.SmirnovIA.Sprint0.Task2.V0.Test.csproj", "{6564A993-04AE-45C5-81AC-729A548E0F55}"
EndProject
Project("{2150E333-8FDC-42A3-9474-1A3956D46DE8}") = "Task3", "Task3", "{906245B4-7A42-43D9-B995-DFB11A387EA4}"
EndProject
Project("{FAE04EC0-301F-11D3-BF4B-00C04F79EFBC}") = "Tyuiu.SmirnovIA.Sprint0.Task3.V0", "Tyuiu.SmirnovIA.Sprint0.Task3.V0\Tyuiu.SmirnovIA.Sprint0.Task3.V0.csproj", "{83534C38-3CEF-46DE-BADE-CCBB74B62B34}"
EndProject
Project("{FAE04EC0-301F-11D3-BF4B-00C04F79EFBC}") = "Tyuiu.SmirnovIA.Sprint0.Task3.V0.Lib", "Tyuiu.SmirnovIA.Sprint0.Task3.V0.Lib\Tyuiu.SmirnovIA.Sprint0.Task3.V0.Lib.csproj", "{14505477-25E2-43AE-8101-0AE52389A96A}"
EndProject
Project("{FAE04EC0-301F-11D3-BF4B-00C04F79EFBC}") = "Tyuiu.SmirnovIA.Sprint0.Task3.V0.Test", "Tyuiu.SmirnovIA.Sprint0.Task3.V0.Test\Tyuiu.SmirnovIA.Sprint0.Task3.V0.Test.csproj", "{A7C928EA-AA0D-43A9-B021-E70F62B09D2F}"
EndProject
Project("{2150E333-8FDC-42A3-9474-1A3956D46DE8}") = "Task4", "Task4", "{7C5718B6-7FDB-4865-AE07-BAEA725A4765}"
EndProject
Project("{FAE04EC0-301F-11D3-BF4B-00C04F79EFBC}") = "Tyuiu.SmirnovIA.Sprint0.Task4.V0", "Tyuiu.SmirnovIA.Sprint0.Task4.V0\Tyuiu.SmirnovIA.Sprint0.Task4.V0.csproj", "{8E18B37E-8665-455D-AE1A-5D9F97E54478}"
EndProject
Project("{FAE04EC0-301F-11D3-BF4B-00C04F79EFBC}") = "Tyuiu.SmirnovIA.Sprint0.Task4.V0.Lib", "Tyuiu.SmirnovIA.Sprint0.Task4.V0.Lib\Tyuiu.SmirnovIA.Sprint0.Task4.V0.Lib.csproj", "{ECC521F0-78D3-4FBB-9A21-D76B012E522B}"
EndProject
Project("{FAE04EC0-301F-11D3-BF4B-00C04F79EFBC}") = "Tyuiu.SmirnovIA.Sprint0.Task4.V0.Test", "Tyuiu.SmirnovIA.Sprint0.Task4.V0.Test\Tyuiu.SmirnovIA.Sprint0.Task4.V0.Test.csproj", "{6429CB29-23DE-4AA8-8E08-368E467473D6}"
EndProject
Global
	GlobalSection(SolutionConfigurationPlatforms) = preSolution
		Debug|Any CPU = Debug|Any CPU
		Release|Any CPU = Release|Any CPU
	EndGlobalSection
	GlobalSection(ProjectConfigurationPlatforms) = postSolution
		{2303A2BA-5D55-4D74-9370-F06D7ED657BF}.Debug|Any CPU.ActiveCfg = Debug|Any CPU
		{2303A2BA-5D55-4D74-9370-F06D7ED657BF}.Debug|Any CPU.Build.0 = Debug|Any CPU
		{2303A2BA-5D55-4D74-9370-F06D7ED657BF}.Release|Any CPU.ActiveCfg = Release|Any CPU
		{2303A2BA-5D55-4D74-9370-F06D7ED657BF}.Release|Any CPU.Build.0 = Release|Any CPU
		{9388C062-F641-40B6-B4BA-F867D395FC51}.Debug|Any CPU.ActiveCfg = Debug|Any CPU
		{9388C062-F641-40B6-B4BA-F867D395FC51}.Debug|Any CPU.Build.0 = Debug|Any CPU
		{9388C062-F641-40B6-B4BA-F867D395FC51}.Release|Any CPU.ActiveCfg = Release|Any CPU
		{9388C062-F641-40B6-B4BA-F867D395FC51}.Release|Any CPU.Build.0 = Release|Any CPU
		{8714F72C-C1FC-4E69-A7AE-89E57C71490D}.Debug|Any CPU.ActiveCfg = Debug|Any CPU
		{8714F72C-C1FC-4E69-A7AE-89E57C71490D}.Debug|Any CPU.Build.0 = Debug|Any CPU
		{8714F72C-C1FC-4E69-A7AE-89E57C71490D}.Release|Any CPU.ActiveCfg = Release|Any CPU
		{8714F72C-C1FC-4E69-A7AE-89E57C71490D}.Release|Any CPU.Build.0 = Release|Any CPU
		{31B2CD34-838B-43F7-9952-AEEFE79054BA}.Debug|Any CPU.ActiveCfg = Debug|Any CPU
		{31B2CD34-838B-43F7-9952-AEEFE79054BA}.Debug|Any CPU.Build.0 = Debug|Any CPU
		{31B2CD34-838B-43F7-9952-AEEFE79054BA}.Release|Any CPU.ActiveCfg = Release|Any CPU
		{31B2CD34-838B-43F7-9952-AEEFE79054BA}.Release|Any CPU.Build.0 = Release|Any CPU
		{6564A993-04AE-45C5-81AC-729A548E0F55}.Debug|Any CPU.ActiveCfg = Debug|Any CPU
		{6564A993-04AE-45C5-81AC-729A548E0F55}.Debug|Any CPU.Build.0 = Debug|Any CPU
		{6564A993-04AE-45C5-81AC-729A548E0F55}.Release|Any CPU.ActiveCfg = Release|Any CPU
		{6564A993-04AE-45C5-81AC-729A548E0F55}.Release|Any CPU.Build.0 = Release|Any CPU
		{83534C38-3CEF-46DE-BADE-CCBB74B62B34}.Debug|Any CPU.ActiveCfg = Debug|Any CPU
		{83534C38-3CEF-46DE-BADE-CCBB74B62B34}.Debug|Any CPU.Build.0 = Debug|Any CPU
		{83534C38-3CEF-46DE-BADE-CCBB74B62B34}.Release|Any CPU.ActiveCfg = Release|Any CPU
		{83534C38-3CEF-46DE-BADE-CCBB74B62B34}.Release|Any CPU.Build.0 = Release|Any CPU
		{14505477-25E2-43AE-8101-0AE52389A96A}.Debug|Any CPU.ActiveCfg = Debug|Any CPU
		{14505477-25E2-43AE-8101-0AE52389A96A}.Debug|Any CPU.Build.0 = Debug|Any CPU
		{14505477-25E2-43AE-8101-0AE52389A96A}.Release|Any CPU.ActiveCfg = Release|Any CPU
		{14505477-25E2-43AE-8101-0AE52389A96A}.Release|Any CPU.Build.0 = Release|Any CPU
		{A7C928EA-AA0D-43A9-B021-E70F62B09D2F}.Debug|Any CPU.ActiveCfg = Debug|Any CPU
		{A7C928EA-AA0D-43A9-B021-E70F62B09D2F}.Debug|Any CPU.Build.0 = Debug|Any CPU
		{A7C928EA-AA0D-43A9-B021-E70F62B09D2F}.Release|Any CPU.ActiveCfg = Release|Any CPU
		{A7C928EA-AA0D-43A9-B021-E70F62B09D2F}.Release|Any CPU.Build.0 = Release|Any CPU
		{8E18B37E-8665-455D-AE1A-5D9F97E54478}.Debug|Any CPU.ActiveCfg = Debug|Any CPU
		{8E18B37E-8665-455D-AE1A-5D9F97E54478}.Debug|Any CPU.Build.0 = Debug|Any CPU
		{8E18B37E-8665-455D-AE1A-5D9F97E54478}.Release|Any CPU.ActiveCfg = Release|Any CPU
		{8E18B37E-8665-455D-AE1A-5D9F97E54478}.Release|Any CPU.Build.0 = Release|Any CPU
		{ECC521F0-78D3-4FBB-9A21-D76B012E522B}.Debug|Any CPU.ActiveCfg = Debug|Any CPU
		{ECC521F0-78D3-4FBB-9A21-D76B012E522B}.Debug|Any CPU.Build.0 = Debug|Any CPU
		{ECC521F0-78D3-4FBB-9A21-D76B012E522B}.Release|Any CPU.ActiveCfg = Release|Any CPU
		{ECC521F0-78D3-4FBB-9A21-D76B012E522B}.Release|Any CPU.Build.0 = Release|Any CPU
		{6429CB29-23DE-4AA8-8E08-368E467473D6}.Debug|Any CPU.ActiveCfg = Debug|Any CPU
		{6429CB29-23DE-4AA8-8E08-368E467473D6}.Debug|Any CPU.Build.0 = Debug|Any CPU
		{6429CB29-23DE-4AA8-8E08-368E467473D6}.Release|Any CPU.ActiveCfg = Release|Any CPU
		{6429CB29-23DE-4AA8-8E08-368E467473D6}.Release|Any CPU.Build.0 = Release|Any CPU
	EndGlobalSection
	GlobalSection(SolutionProperties) = preSolution
		HideSolutionNode = FALSE
	EndGlobalSection
	GlobalSection(NestedProjects) = preSolution
		{2303A2BA-5D55-4D74-9370-F06D7ED657BF} = {18CE983F-E47B-4CD7-A51B-AC2020075F74}
		{9388C062-F641-40B6-B4BA-F867D395FC51} = {04A28184-175D-4821-BEEE-B8BB73095233}
		{8714F72C-C1FC-4E69-A7AE-89E57C71490D} = {875E5C3A-0415-4126-8DCF-23B50BDBABCC}
		{31B2CD34-838B-43F7-9952-AEEFE79054BA} = {875E5C3A-0415-4126-8DCF-23B50BDBABCC}
		{6564A993-04AE-45C5-81AC-729A548E0F55} = {875E5C3A-0415-4126-8DCF-23B50BDBABCC}
		{83534C38-3CEF-46DE-BADE-CCBB74B62B34} = {906245B4-7A42-43D9-B995-DFB11A387EA4}
		{14505477-25E2-43AE-8101-0AE52389A96A} = {906245B4-7A42-43D9-B995-DFB11A387EA4}
		{A7C928EA-AA0D-43A9-B021-E70F62B09D2F} = {906245B4-7A42-43D9-B995-DFB11A387EA4}
		{8E18B37E-8665-455D-AE1A-5D9F97E54478} = {7C5718B6-7FDB-4865-AE07-BAEA725A4765}
		{ECC521F0-78D3-4FBB-9A21-D76B012E522B} = {7C5718B6-7FDB-4865-AE07-BAEA725A4765}
		{6429CB29-23DE-4AA8-8E08-368E467473D6} = {7C5718B6-7FDB-4865-AE07-BAEA725A4765}
	EndGlobalSection
	GlobalSection(ExtensibilityGlobals) = postSolution
		SolutionGuid = {7C1F2818-2B64-481A-89AE-6CB784D038AE}
	EndGlobalSection
EndGlobal
